
Microsoft Visual Studio Solution File, Format Version 12.00
# Visual Studio Version 17
VisualStudioVersion = 17.2.32630.192
MinimumVisualStudioVersion = 10.0.40219.1
Project("{FAE04EC0-301F-11D3-BF4B-00C04F79EFBC}") = "Criação de classes com 3 atributos", "Criação de classes com 3 atributos\Criação de classes com 3 atributos.csproj", "{1E166231-3149-479A-9879-56B8DB71DBF5}"
EndProject
Global
	GlobalSection(SolutionConfigurationPlatforms) = preSolution
		Debug|Any CPU = Debug|Any CPU
		Release|Any CPU = Release|Any CPU
	EndGlobalSection
	GlobalSection(ProjectConfigurationPlatforms) = postSolution
		{1E166231-3149-479A-9879-56B8DB71DBF5}.Debug|Any CPU.ActiveCfg = Debug|Any CPU
		{1E166231-3149-479A-9879-56B8DB71DBF5}.Debug|Any CPU.Build.0 = Debug|Any CPU
		{1E166231-3149-479A-9879-56B8DB71DBF5}.Release|Any CPU.ActiveCfg = Release|Any CPU
		{1E166231-3149-479A-9879-56B8DB71DBF5}.Release|Any CPU.Build.0 = Release|Any CPU
	EndGlobalSection
	GlobalSection(SolutionProperties) = preSolution
		HideSolutionNode = FALSE
	EndGlobalSection
	GlobalSection(ExtensibilityGlobals) = postSolution
		SolutionGuid = {C636CCD2-4510-4745-9D55-0DAC72466941}
	EndGlobalSection
EndGlobal
